// !$*UTF8*$!
{
	archiveVersion = 1;
	classes = {
	};
	objectVersion = 56;
	objects = {

/* Begin PBXBuildFile section */
		8FD402712C1C259500ADCFD4 /* mlmodel_playgroundApp.swift in Sources */ = {isa = PBXBuildFile; fileRef = 8FD402702C1C259500ADCFD4 /* mlmodel_playgroundApp.swift */; };
		8FD402732C1C259500ADCFD4 /* ContentView.swift in Sources */ = {isa = PBXBuildFile; fileRef = 8FD402722C1C259500ADCFD4 /* ContentView.swift */; };
		8FD402752C1C259700ADCFD4 /* Assets.xcassets in Resources */ = {isa = PBXBuildFile; fileRef = 8FD402742C1C259700ADCFD4 /* Assets.xcassets */; };
		8FD402782C1C259700ADCFD4 /* Preview Assets.xcassets in Resources */ = {isa = PBXBuildFile; fileRef = 8FD402772C1C259700ADCFD4 /* Preview Assets.xcassets */; };
		8FD402822C1C259700ADCFD4 /* mlmodel_playgroundTests.swift in Sources */ = {isa = PBXBuildFile; fileRef = 8FD402812C1C259700ADCFD4 /* mlmodel_playgroundTests.swift */; };
		8FD4028C2C1C259700ADCFD4 /* mlmodel_playgroundUITests.swift in Sources */ = {isa = PBXBuildFile; fileRef = 8FD4028B2C1C259700ADCFD4 /* mlmodel_playgroundUITests.swift */; };
		8FD4028E2C1C259700ADCFD4 /* mlmodel_playgroundUITestsLaunchTests.swift in Sources */ = {isa = PBXBuildFile; fileRef = 8FD4028D2C1C259700ADCFD4 /* mlmodel_playgroundUITestsLaunchTests.swift */; };
/* End PBXBuildFile section */

/* Begin PBXContainerItemProxy section */
		8FD4027E2C1C259700ADCFD4 /* PBXContainerItemProxy */ = {
			isa = PBXContainerItemProxy;
			containerPortal = 8FD402652C1C259500ADCFD4 /* Project object */;
			proxyType = 1;
			remoteGlobalIDString = 8FD4026C2C1C259500ADCFD4;
			remoteInfo = mlmodel_playground;
		};
		8FD402882C1C259700ADCFD4 /* PBXContainerItemProxy */ = {
			isa = PBXContainerItemProxy;
			containerPortal = 8FD402652C1C259500ADCFD4 /* Project object */;
			proxyType = 1;
			remoteGlobalIDString = 8FD4026C2C1C259500ADCFD4;
			remoteInfo = mlmodel_playground;
		};
/* End PBXContainerItemProxy section */

/* Begin PBXFileReference section */
		8FD4026D2C1C259500ADCFD4 /* mlmodel_playground.app */ = {isa = PBXFileReference; explicitFileType = wrapper.application; includeInIndex = 0; path = mlmodel_playground.app; sourceTree = BUILT_PRODUCTS_DIR; };
		8FD402702C1C259500ADCFD4 /* mlmodel_playgroundApp.swift */ = {isa = PBXFileReference; lastKnownFileType = sourcecode.swift; path = mlmodel_playgroundApp.swift; sourceTree = "<group>"; };
		8FD402722C1C259500ADCFD4 /* ContentView.swift */ = {isa = PBXFileReference; lastKnownFileType = sourcecode.swift; path = ContentView.swift; sourceTree = "<group>"; };
		8FD402742C1C259700ADCFD4 /* Assets.xcassets */ = {isa = PBXFileReference; lastKnownFileType = folder.assetcatalog; path = Assets.xcassets; sourceTree = "<group>"; };
		8FD402772C1C259700ADCFD4 /* Preview Assets.xcassets */ = {isa = PBXFileReference; lastKnownFileType = folder.assetcatalog; path = "Preview Assets.xcassets"; sourceTree = "<group>"; };
		8FD4027D2C1C259700ADCFD4 /* mlmodel_playgroundTests.xctest */ = {isa = PBXFileReference; explicitFileType = wrapper.cfbundle; includeInIndex = 0; path = mlmodel_playgroundTests.xctest; sourceTree = BUILT_PRODUCTS_DIR; };
		8FD402812C1C259700ADCFD4 /* mlmodel_playgroundTests.swift */ = {isa = PBXFileReference; lastKnownFileType = sourcecode.swift; path = mlmodel_playgroundTests.swift; sourceTree = "<group>"; };
		8FD402872C1C259700ADCFD4 /* mlmodel_playgroundUITests.xctest */ = {isa = PBXFileReference; explicitFileType = wrapper.cfbundle; includeInIndex = 0; path = mlmodel_playgroundUITests.xctest; sourceTree = BUILT_PRODUCTS_DIR; };
		8FD4028B2C1C259700ADCFD4 /* mlmodel_playgroundUITests.swift */ = {isa = PBXFileReference; lastKnownFileType = sourcecode.swift; path = mlmodel_playgroundUITests.swift; sourceTree = "<group>"; };
		8FD4028D2C1C259700ADCFD4 /* mlmodel_playgroundUITestsLaunchTests.swift */ = {isa = PBXFileReference; lastKnownFileType = sourcecode.swift; path = mlmodel_playgroundUITestsLaunchTests.swift; sourceTree = "<group>"; };
/* End PBXFileReference section */

/* Begin PBXFrameworksBuildPhase section */
		8FD4026A2C1C259500ADCFD4 /* Frameworks */ = {
			isa = PBXFrameworksBuildPhase;
			buildActionMask = 2147483647;
			files = (
			);
			runOnlyForDeploymentPostprocessing = 0;
		};
		8FD4027A2C1C259700ADCFD4 /* Frameworks */ = {
			isa = PBXFrameworksBuildPhase;
			buildActionMask = 2147483647;
			files = (
			);
			runOnlyForDeploymentPostprocessing = 0;
		};
		8FD402842C1C259700ADCFD4 /* Frameworks */ = {
			isa = PBXFrameworksBuildPhase;
			buildActionMask = 2147483647;
			files = (
			);
			runOnlyForDeploymentPostprocessing = 0;
		};
/* End PBXFrameworksBuildPhase section */

/* Begin PBXGroup section */
		8FD402642C1C259500ADCFD4 = {
			isa = PBXGroup;
			children = (
				8FD4026F2C1C259500ADCFD4 /* mlmodel_playground */,
				8FD402802C1C259700ADCFD4 /* mlmodel_playgroundTests */,
				8FD4028A2C1C259700ADCFD4 /* mlmodel_playgroundUITests */,
				8FD4026E2C1C259500ADCFD4 /* Products */,
			);
			sourceTree = "<group>";
		};
		8FD4026E2C1C259500ADCFD4 /* Products */ = {
			isa = PBXGroup;
			children = (
				8FD4026D2C1C259500ADCFD4 /* mlmodel_playground.app */,
				8FD4027D2C1C259700ADCFD4 /* mlmodel_playgroundTests.xctest */,
				8FD402872C1C259700ADCFD4 /* mlmodel_playgroundUITests.xctest */,
			);
			name = Products;
			sourceTree = "<group>";
		};
		8FD4026F2C1C259500ADCFD4 /* mlmodel_playground */ = {
			isa = PBXGroup;
			children = (
				8FD402702C1C259500ADCFD4 /* mlmodel_playgroundApp.swift */,
				8FD402722C1C259500ADCFD4 /* ContentView.swift */,
				8FD402742C1C259700ADCFD4 /* Assets.xcassets */,
				8FD402762C1C259700ADCFD4 /* Preview Content */,
			);
			path = mlmodel_playground;
			sourceTree = "<group>";
		};
		8FD402762C1C259700ADCFD4 /* Preview Content */ = {
			isa = PBXGroup;
			children = (
				8FD402772C1C259700ADCFD4 /* Preview Assets.xcassets */,
			);
			path = "Preview Content";
			sourceTree = "<group>";
		};
		8FD402802C1C259700ADCFD4 /* mlmodel_playgroundTests */ = {
			isa = PBXGroup;
			children = (
				8FD402812C1C259700ADCFD4 /* mlmodel_playgroundTests.swift */,
			);
			path = mlmodel_playgroundTests;
			sourceTree = "<group>";
		};
		8FD4028A2C1C259700ADCFD4 /* mlmodel_playgroundUITests */ = {
			isa = PBXGroup;
			children = (
				8FD4028B2C1C259700ADCFD4 /* mlmodel_playgroundUITests.swift */,
				8FD4028D2C1C259700ADCFD4 /* mlmodel_playgroundUITestsLaunchTests.swift */,
			);
			path = mlmodel_playgroundUITests;
			sourceTree = "<group>";
		};
/* End PBXGroup section */

/* Begin PBXNativeTarget section */
		8FD4026C2C1C259500ADCFD4 /* mlmodel_playground */ = {
			isa = PBXNativeTarget;
			buildConfigurationList = 8FD402912C1C259700ADCFD4 /* Build configuration list for PBXNativeTarget "mlmodel_playground" */;
			buildPhases = (
				8FD402692C1C259500ADCFD4 /* Sources */,
				8FD4026A2C1C259500ADCFD4 /* Frameworks */,
				8FD4026B2C1C259500ADCFD4 /* Resources */,
			);
			buildRules = (
			);
			dependencies = (
			);
			name = mlmodel_playground;
			productName = mlmodel_playground;
			productReference = 8FD4026D2C1C259500ADCFD4 /* mlmodel_playground.app */;
			productType = "com.apple.product-type.application";
		};
		8FD4027C2C1C259700ADCFD4 /* mlmodel_playgroundTests */ = {
			isa = PBXNativeTarget;
			buildConfigurationList = 8FD402942C1C259700ADCFD4 /* Build configuration list for PBXNativeTarget "mlmodel_playgroundTests" */;
			buildPhases = (
				8FD402792C1C259700ADCFD4 /* Sources */,
				8FD4027A2C1C259700ADCFD4 /* Frameworks */,
				8FD4027B2C1C259700ADCFD4 /* Resources */,
			);
			buildRules = (
			);
			dependencies = (
				8FD4027F2C1C259700ADCFD4 /* PBXTargetDependency */,
			);
			name = mlmodel_playgroundTests;
			productName = mlmodel_playgroundTests;
			productReference = 8FD4027D2C1C259700ADCFD4 /* mlmodel_playgroundTests.xctest */;
			productType = "com.apple.product-type.bundle.unit-test";
		};
		8FD402862C1C259700ADCFD4 /* mlmodel_playgroundUITests */ = {
			isa = PBXNativeTarget;
			buildConfigurationList = 8FD402972C1C259700ADCFD4 /* Build configuration list for PBXNativeTarget "mlmodel_playgroundUITests" */;
			buildPhases = (
				8FD402832C1C259700ADCFD4 /* Sources */,
				8FD402842C1C259700ADCFD4 /* Frameworks */,
				8FD402852C1C259700ADCFD4 /* Resources */,
			);
			buildRules = (
			);
			dependencies = (
				8FD402892C1C259700ADCFD4 /* PBXTargetDependency */,
			);
			name = mlmodel_playgroundUITests;
			productName = mlmodel_playgroundUITests;
			productReference = 8FD402872C1C259700ADCFD4 /* mlmodel_playgroundUITests.xctest */;
			productType = "com.apple.product-type.bundle.ui-testing";
		};
/* End PBXNativeTarget section */

/* Begin PBXProject section */
		8FD402652C1C259500ADCFD4 /* Project object */ = {
			isa = PBXProject;
			attributes = {
				BuildIndependentTargetsInParallel = 1;
				LastSwiftUpdateCheck = 1500;
				LastUpgradeCheck = 1500;
				TargetAttributes = {
					8FD4026C2C1C259500ADCFD4 = {
						CreatedOnToolsVersion = 15.0.1;
					};
					8FD4027C2C1C259700ADCFD4 = {
						CreatedOnToolsVersion = 15.0.1;
						TestTargetID = 8FD4026C2C1C259500ADCFD4;
					};
					8FD402862C1C259700ADCFD4 = {
						CreatedOnToolsVersion = 15.0.1;
						TestTargetID = 8FD4026C2C1C259500ADCFD4;
					};
				};
			};
			buildConfigurationList = 8FD402682C1C259500ADCFD4 /* Build configuration list for PBXProject "mlmodel_playground" */;
			compatibilityVersion = "Xcode 14.0";
			developmentRegion = en;
			hasScannedForEncodings = 0;
			knownRegions = (
				en,
				Base,
			);
			mainGroup = 8FD402642C1C259500ADCFD4;
			productRefGroup = 8FD4026E2C1C259500ADCFD4 /* Products */;
			projectDirPath = "";
			projectRoot = "";
			targets = (
				8FD4026C2C1C259500ADCFD4 /* mlmodel_playground */,
				8FD4027C2C1C259700ADCFD4 /* mlmodel_playgroundTests */,
				8FD402862C1C259700ADCFD4 /* mlmodel_playgroundUITests */,
			);
		};
/* End PBXProject section */

/* Begin PBXResourcesBuildPhase section */
		8FD4026B2C1C259500ADCFD4 /* Resources */ = {
			isa = PBXResourcesBuildPhase;
			buildActionMask = 2147483647;
			files = (
				8FD402782C1C259700ADCFD4 /* Preview Assets.xcassets in Resources */,
				8FD402752C1C259700ADCFD4 /* Assets.xcassets in Resources */,
			);
			runOnlyForDeploymentPostprocessing = 0;
		};
		8FD4027B2C1C259700ADCFD4 /* Resources */ = {
			isa = PBXResourcesBuildPhase;
			buildActionMask = 2147483647;
			files = (
			);
			runOnlyForDeploymentPostprocessing = 0;
		};
		8FD402852C1C259700ADCFD4 /* Resources */ = {
			isa = PBXResourcesBuildPhase;
			buildActionMask = 2147483647;
			files = (
			);
			runOnlyForDeploymentPostprocessing = 0;
		};
/* End PBXResourcesBuildPhase section */

/* Begin PBXSourcesBuildPhase section */
		8FD402692C1C259500ADCFD4 /* Sources */ = {
			isa = PBXSourcesBuildPhase;
			buildActionMask = 2147483647;
			files = (
				8FD402732C1C259500ADCFD4 /* ContentView.swift in Sources */,
				8FD402712C1C259500ADCFD4 /* mlmodel_playgroundApp.swift in Sources */,
			);
			runOnlyForDeploymentPostprocessing = 0;
		};
		8FD402792C1C259700ADCFD4 /* Sources */ = {
			isa = PBXSourcesBuildPhase;
			buildActionMask = 2147483647;
			files = (
				8FD402822C1C259700ADCFD4 /* mlmodel_playgroundTests.swift in Sources */,
			);
			runOnlyForDeploymentPostprocessing = 0;
		};
		8FD402832C1C259700ADCFD4 /* Sources */ = {
			isa = PBXSourcesBuildPhase;
			buildActionMask = 2147483647;
			files = (
				8FD4028E2C1C259700ADCFD4 /* mlmodel_playgroundUITestsLaunchTests.swift in Sources */,
				8FD4028C2C1C259700ADCFD4 /* mlmodel_playgroundUITests.swift in Sources */,
			);
			runOnlyForDeploymentPostprocessing = 0;
		};
/* End PBXSourcesBuildPhase section */

/* Begin PBXTargetDependency section */
		8FD4027F2C1C259700ADCFD4 /* PBXTargetDependency */ = {
			isa = PBXTargetDependency;
			target = 8FD4026C2C1C259500ADCFD4 /* mlmodel_playground */;
			targetProxy = 8FD4027E2C1C259700ADCFD4 /* PBXContainerItemProxy */;
		};
		8FD402892C1C259700ADCFD4 /* PBXTargetDependency */ = {
			isa = PBXTargetDependency;
			target = 8FD4026C2C1C259500ADCFD4 /* mlmodel_playground */;
			targetProxy = 8FD402882C1C259700ADCFD4 /* PBXContainerItemProxy */;
		};
/* End PBXTargetDependency section */

/* Begin XCBuildConfiguration section */
		8FD4028F2C1C259700ADCFD4 /* Debug */ = {
			isa = XCBuildConfiguration;
			buildSettings = {
				ALWAYS_SEARCH_USER_PATHS = NO;
				ASSETCATALOG_COMPILER_GENERATE_SWIFT_ASSET_SYMBOL_EXTENSIONS = YES;
				CLANG_ANALYZER_NONNULL = YES;
				CLANG_ANALYZER_NUMBER_OBJECT_CONVERSION = YES_AGGRESSIVE;
				CLANG_CXX_LANGUAGE_STANDARD = "gnu++20";
				CLANG_ENABLE_MODULES = YES;
				CLANG_ENABLE_OBJC_ARC = YES;
				CLANG_ENABLE_OBJC_WEAK = YES;
				CLANG_WARN_BLOCK_CAPTURE_AUTORELEASING = YES;
				CLANG_WARN_BOOL_CONVERSION = YES;
				CLANG_WARN_COMMA = YES;
				CLANG_WARN_CONSTANT_CONVERSION = YES;
				CLANG_WARN_DEPRECATED_OBJC_IMPLEMENTATIONS = YES;
				CLANG_WARN_DIRECT_OBJC_ISA_USAGE = YES_ERROR;
				CLANG_WARN_DOCUMENTATION_COMMENTS = YES;
				CLANG_WARN_EMPTY_BODY = YES;
				CLANG_WARN_ENUM_CONVERSION = YES;
				CLANG_WARN_INFINITE_RECURSION = YES;
				CLANG_WARN_INT_CONVERSION = YES;
				CLANG_WARN_NON_LITERAL_NULL_CONVERSION = YES;
				CLANG_WARN_OBJC_IMPLICIT_RETAIN_SELF = YES;
				CLANG_WARN_OBJC_LITERAL_CONVERSION = YES;
				CLANG_WARN_OBJC_ROOT_CLASS = YES_ERROR;
				CLANG_WARN_QUOTED_INCLUDE_IN_FRAMEWORK_HEADER = YES;
				CLANG_WARN_RANGE_LOOP_ANALYSIS = YES;
				CLANG_WARN_STRICT_PROTOTYPES = YES;
				CLANG_WARN_SUSPICIOUS_MOVE = YES;
				CLANG_WARN_UNGUARDED_AVAILABILITY = YES_AGGRESSIVE;
				CLANG_WARN_UNREACHABLE_CODE = YES;
				CLANG_WARN__DUPLICATE_METHOD_MATCH = YES;
				COPY_PHASE_STRIP = NO;
				DEBUG_INFORMATION_FORMAT = dwarf;
				ENABLE_STRICT_OBJC_MSGSEND = YES;
				ENABLE_TESTABILITY = YES;
				ENABLE_USER_SCRIPT_SANDBOXING = YES;
				GCC_C_LANGUAGE_STANDARD = gnu17;
				GCC_DYNAMIC_NO_PIC = NO;
				GCC_NO_COMMON_BLOCKS = YES;
				GCC_OPTIMIZATION_LEVEL = 0;
				GCC_PREPROCESSOR_DEFINITIONS = (
					"DEBUG=1",
					"$(inherited)",
				);
				GCC_WARN_64_TO_32_BIT_CONVERSION = YES;
				GCC_WARN_ABOUT_RETURN_TYPE = YES_ERROR;
				GCC_WARN_UNDECLARED_SELECTOR = YES;
				GCC_WARN_UNINITIALIZED_AUTOS = YES_AGGRESSIVE;
				GCC_WARN_UNUSED_FUNCTION = YES;
				GCC_WARN_UNUSED_VARIABLE = YES;
				IPHONEOS_DEPLOYMENT_TARGET = 17.0;
				LOCALIZATION_PREFERS_STRING_CATALOGS = YES;
				MTL_ENABLE_DEBUG_INFO = INCLUDE_SOURCE;
				MTL_FAST_MATH = YES;
				ONLY_ACTIVE_ARCH = YES;
				SDKROOT = iphoneos;
				SWIFT_ACTIVE_COMPILATION_CONDITIONS = "DEBUG $(inherited)";
				SWIFT_OPTIMIZATION_LEVEL = "-Onone";
			};
			name = Debug;
		};
		8FD402902C1C259700ADCFD4 /* Release */ = {
			isa = XCBuildConfiguration;
			buildSettings = {
				ALWAYS_SEARCH_USER_PATHS = NO;
				ASSETCATALOG_COMPILER_GENERATE_SWIFT_ASSET_SYMBOL_EXTENSIONS = YES;
				CLANG_ANALYZER_NONNULL = YES;
				CLANG_ANALYZER_NUMBER_OBJECT_CONVERSION = YES_AGGRESSIVE;
				CLANG_CXX_LANGUAGE_STANDARD = "gnu++20";
				CLANG_ENABLE_MODULES = YES;
				CLANG_ENABLE_OBJC_ARC = YES;
				CLANG_ENABLE_OBJC_WEAK = YES;
				CLANG_WARN_BLOCK_CAPTURE_AUTORELEASING = YES;
				CLANG_WARN_BOOL_CONVERSION = YES;
				CLANG_WARN_COMMA = YES;
				CLANG_WARN_CONSTANT_CONVERSION = YES;
				CLANG_WARN_DEPRECATED_OBJC_IMPLEMENTATIONS = YES;
				CLANG_WARN_DIRECT_OBJC_ISA_USAGE = YES_ERROR;
				CLANG_WARN_DOCUMENTATION_COMMENTS = YES;
				CLANG_WARN_EMPTY_BODY = YES;
				CLANG_WARN_ENUM_CONVERSION = YES;
				CLANG_WARN_INFINITE_RECURSION = YES;
				CLANG_WARN_INT_CONVERSION = YES;
				CLANG_WARN_NON_LITERAL_NULL_CONVERSION = YES;
				CLANG_WARN_OBJC_IMPLICIT_RETAIN_SELF = YES;
				CLANG_WARN_OBJC_LITERAL_CONVERSION = YES;
				CLANG_WARN_OBJC_ROOT_CLASS = YES_ERROR;
				CLANG_WARN_QUOTED_INCLUDE_IN_FRAMEWORK_HEADER = YES;
				CLANG_WARN_RANGE_LOOP_ANALYSIS = YES;
				CLANG_WARN_STRICT_PROTOTYPES = YES;
				CLANG_WARN_SUSPICIOUS_MOVE = YES;
				CLANG_WARN_UNGUARDED_AVAILABILITY = YES_AGGRESSIVE;
				CLANG_WARN_UNREACHABLE_CODE = YES;
				CLANG_WARN__DUPLICATE_METHOD_MATCH = YES;
				COPY_PHASE_STRIP = NO;
				DEBUG_INFORMATION_FORMAT = "dwarf-with-dsym";
				ENABLE_NS_ASSERTIONS = NO;
				ENABLE_STRICT_OBJC_MSGSEND = YES;
				ENABLE_USER_SCRIPT_SANDBOXING = YES;
				GCC_C_LANGUAGE_STANDARD = gnu17;
				GCC_NO_COMMON_BLOCKS = YES;
				GCC_WARN_64_TO_32_BIT_CONVERSION = YES;
				GCC_WARN_ABOUT_RETURN_TYPE = YES_ERROR;
				GCC_WARN_UNDECLARED_SELECTOR = YES;
				GCC_WARN_UNINITIALIZED_AUTOS = YES_AGGRESSIVE;
				GCC_WARN_UNUSED_FUNCTION = YES;
				GCC_WARN_UNUSED_VARIABLE = YES;
				IPHONEOS_DEPLOYMENT_TARGET = 17.0;
				LOCALIZATION_PREFERS_STRING_CATALOGS = YES;
				MTL_ENABLE_DEBUG_INFO = NO;
				MTL_FAST_MATH = YES;
				SDKROOT = iphoneos;
				SWIFT_COMPILATION_MODE = wholemodule;
				VALIDATE_PRODUCT = YES;
			};
			name = Release;
		};
		8FD402922C1C259700ADCFD4 /* Debug */ = {
			isa = XCBuildConfiguration;
			buildSettings = {
				ASSETCATALOG_COMPILER_APPICON_NAME = AppIcon;
				ASSETCATALOG_COMPILER_GLOBAL_ACCENT_COLOR_NAME = AccentColor;
				CODE_SIGN_STYLE = Automatic;
				CURRENT_PROJECT_VERSION = 1;
				DEVELOPMENT_ASSET_PATHS = "\"mlmodel_playground/Preview Content\"";
				DEVELOPMENT_TEAM = 3Z8S7937B5;
				ENABLE_PREVIEWS = YES;
				GENERATE_INFOPLIST_FILE = YES;
				INFOPLIST_KEY_UIApplicationSceneManifest_Generation = YES;
				INFOPLIST_KEY_UIApplicationSupportsIndirectInputEvents = YES;
				INFOPLIST_KEY_UILaunchScreen_Generation = YES;
				INFOPLIST_KEY_UISupportedInterfaceOrientations_iPad = "UIInterfaceOrientationPortrait UIInterfaceOrientationPortraitUpsideDown UIInterfaceOrientationLandscapeLeft UIInterfaceOrientationLandscapeRight";
				INFOPLIST_KEY_UISupportedInterfaceOrientations_iPhone = "UIInterfaceOrientationPortrait UIInterfaceOrientationLandscapeLeft UIInterfaceOrientationLandscapeRight";
				LD_RUNPATH_SEARCH_PATHS = (
					"$(inherited)",
					"@executable_path/Frameworks",
				);
				MARKETING_VERSION = 1.0;
				PRODUCT_BUNDLE_IDENTIFIER = "no.nxtech.mlmodel-playground";
				PRODUCT_NAME = "$(TARGET_NAME)";
				SWIFT_EMIT_LOC_STRINGS = YES;
				SWIFT_VERSION = 5.0;
				TARGETED_DEVICE_FAMILY = "1,2";
			};
			name = Debug;
		};
		8FD402932C1C259700ADCFD4 /* Release */ = {
			isa = XCBuildConfiguration;
			buildSettings = {
				ASSETCATALOG_COMPILER_APPICON_NAME = AppIcon;
				ASSETCATALOG_COMPILER_GLOBAL_ACCENT_COLOR_NAME = AccentColor;
				CODE_SIGN_STYLE = Automatic;
				CURRENT_PROJECT_VERSION = 1;
				DEVELOPMENT_ASSET_PATHS = "\"mlmodel_playground/Preview Content\"";
				DEVELOPMENT_TEAM = 3Z8S7937B5;
				ENABLE_PREVIEWS = YES;
				GENERATE_INFOPLIST_FILE = YES;
				INFOPLIST_KEY_UIApplicationSceneManifest_Generation = YES;
				INFOPLIST_KEY_UIApplicationSupportsIndirectInputEvents = YES;
				INFOPLIST_KEY_UILaunchScreen_Generation = YES;
				INFOPLIST_KEY_UISupportedInterfaceOrientations_iPad = "UIInterfaceOrientationPortrait UIInterfaceOrientationPortraitUpsideDown UIInterfaceOrientationLandscapeLeft UIInterfaceOrientationLandscapeRight";
				INFOPLIST_KEY_UISupportedInterfaceOrientations_iPhone = "UIInterfaceOrientationPortrait UIInterfaceOrientationLandscapeLeft UIInterfaceOrientationLandscapeRight";
				LD_RUNPATH_SEARCH_PATHS = (
					"$(inherited)",
					"@executable_path/Frameworks",
				);
				MARKETING_VERSION = 1.0;
				PRODUCT_BUNDLE_IDENTIFIER = "no.nxtech.mlmodel-playground";
				PRODUCT_NAME = "$(TARGET_NAME)";
				SWIFT_EMIT_LOC_STRINGS = YES;
				SWIFT_VERSION = 5.0;
				TARGETED_DEVICE_FAMILY = "1,2";
			};
			name = Release;
		};
		8FD402952C1C259700ADCFD4 /* Debug */ = {
			isa = XCBuildConfiguration;
			buildSettings = {
				ALWAYS_EMBED_SWIFT_STANDARD_LIBRARIES = YES;
				BUNDLE_LOADER = "$(TEST_HOST)";
				CODE_SIGN_STYLE = Automatic;
				CURRENT_PROJECT_VERSION = 1;
				DEVELOPMENT_TEAM = 3Z8S7937B5;
				GENERATE_INFOPLIST_FILE = YES;
				IPHONEOS_DEPLOYMENT_TARGET = 17.0;
				MARKETING_VERSION = 1.0;
				PRODUCT_BUNDLE_IDENTIFIER = "no.nxtech.mlmodel-playgroundTests";
				PRODUCT_NAME = "$(TARGET_NAME)";
				SWIFT_EMIT_LOC_STRINGS = NO;
				SWIFT_VERSION = 5.0;
				TARGETED_DEVICE_FAMILY = "1,2";
				TEST_HOST = "$(BUILT_PRODUCTS_DIR)/mlmodel_playground.app/$(BUNDLE_EXECUTABLE_FOLDER_PATH)/mlmodel_playground";
			};
			name = Debug;
		};
		8FD402962C1C259700ADCFD4 /* Release */ = {
			isa = XCBuildConfiguration;
			buildSettings = {
				ALWAYS_EMBED_SWIFT_STANDARD_LIBRARIES = YES;
				BUNDLE_LOADER = "$(TEST_HOST)";
				CODE_SIGN_STYLE = Automatic;
				CURRENT_PROJECT_VERSION = 1;
				DEVELOPMENT_TEAM = 3Z8S7937B5;
				GENERATE_INFOPLIST_FILE = YES;
				IPHONEOS_DEPLOYMENT_TARGET = 17.0;
				MARKETING_VERSION = 1.0;
				PRODUCT_BUNDLE_IDENTIFIER = "no.nxtech.mlmodel-playgroundTests";
				PRODUCT_NAME = "$(TARGET_NAME)";
				SWIFT_EMIT_LOC_STRINGS = NO;
				SWIFT_VERSION = 5.0;
				TARGETED_DEVICE_FAMILY = "1,2";
				TEST_HOST = "$(BUILT_PRODUCTS_DIR)/mlmodel_playground.app/$(BUNDLE_EXECUTABLE_FOLDER_PATH)/mlmodel_playground";
			};
			name = Release;
		};
		8FD402982C1C259700ADCFD4 /* Debug */ = {
			isa = XCBuildConfiguration;
			buildSettings = {
				ALWAYS_EMBED_SWIFT_STANDARD_LIBRARIES = YES;
				CODE_SIGN_STYLE = Automatic;
				CURRENT_PROJECT_VERSION = 1;
				DEVELOPMENT_TEAM = 3Z8S7937B5;
				GENERATE_INFOPLIST_FILE = YES;
				MARKETING_VERSION = 1.0;
				PRODUCT_BUNDLE_IDENTIFIER = "no.nxtech.mlmodel-playgroundUITests";
				PRODUCT_NAME = "$(TARGET_NAME)";
				SWIFT_EMIT_LOC_STRINGS = NO;
				SWIFT_VERSION = 5.0;
				TARGETED_DEVICE_FAMILY = "1,2";
				TEST_TARGET_NAME = mlmodel_playground;
			};
			name = Debug;
		};
		8FD402992C1C259700ADCFD4 /* Release */ = {
			isa = XCBuildConfiguration;
			buildSettings = {
				ALWAYS_EMBED_SWIFT_STANDARD_LIBRARIES = YES;
				CODE_SIGN_STYLE = Automatic;
				CURRENT_PROJECT_VERSION = 1;
				DEVELOPMENT_TEAM = 3Z8S7937B5;
				GENERATE_INFOPLIST_FILE = YES;
				MARKETING_VERSION = 1.0;
				PRODUCT_BUNDLE_IDENTIFIER = "no.nxtech.mlmodel-playgroundUITests";
				PRODUCT_NAME = "$(TARGET_NAME)";
				SWIFT_EMIT_LOC_STRINGS = NO;
				SWIFT_VERSION = 5.0;
				TARGETED_DEVICE_FAMILY = "1,2";
				TEST_TARGET_NAME = mlmodel_playground;
			};
			name = Release;
		};
/* End XCBuildConfiguration section */

/* Begin XCConfigurationList section */
		8FD402682C1C259500ADCFD4 /* Build configuration list for PBXProject "mlmodel_playground" */ = {
			isa = XCConfigurationList;
			buildConfigurations = (
				8FD4028F2C1C259700ADCFD4 /* Debug */,
				8FD402902C1C259700ADCFD4 /* Release */,
			);
			defaultConfigurationIsVisible = 0;
			defaultConfigurationName = Release;
		};
		8FD402912C1C259700ADCFD4 /* Build configuration list for PBXNativeTarget "mlmodel_playground" */ = {
			isa = XCConfigurationList;
			buildConfigurations = (
				8FD402922C1C259700ADCFD4 /* Debug */,
				8FD402932C1C259700ADCFD4 /* Release */,
			);
			defaultConfigurationIsVisible = 0;
			defaultConfigurationName = Release;
		};
		8FD402942C1C259700ADCFD4 /* Build configuration list for PBXNativeTarget "mlmodel_playgroundTests" */ = {
			isa = XCConfigurationList;
			buildConfigurations = (
				8FD402952C1C259700ADCFD4 /* Debug */,
				8FD402962C1C259700ADCFD4 /* Release */,
			);
			defaultConfigurationIsVisible = 0;
			defaultConfigurationName = Release;
		};
		8FD402972C1C259700ADCFD4 /* Build configuration list for PBXNativeTarget "mlmodel_playgroundUITests" */ = {
			isa = XCConfigurationList;
			buildConfigurations = (
				8FD402982C1C259700ADCFD4 /* Debug */,
				8FD402992C1C259700ADCFD4 /* Release */,
			);
			defaultConfigurationIsVisible = 0;
			defaultConfigurationName = Release;
		};
/* End XCConfigurationList section */
	};
	rootObject = 8FD402652C1C259500ADCFD4 /* Project object */;
}
