// !$*UTF8*$!
{
	archiveVersion = 1;
	classes = {
	};
	objectVersion = 56;
	objects = {

/* Begin PBXBuildFile section */
		8FD402A72C1C315C00ADCFD4 /* AppDelegate.swift in Sources */ = {isa = PBXBuildFile; fileRef = 8FD402A62C1C315C00ADCFD4 /* AppDelegate.swift */; };
		8FD402A92C1C315C00ADCFD4 /* SceneDelegate.swift in Sources */ = {isa = PBXBuildFile; fileRef = 8FD402A82C1C315C00ADCFD4 /* SceneDelegate.swift */; };
		8FD402AB2C1C315C00ADCFD4 /* ViewController.swift in Sources */ = {isa = PBXBuildFile; fileRef = 8FD402AA2C1C315C00ADCFD4 /* ViewController.swift */; };
		8FD402AE2C1C315C00ADCFD4 /* Main.storyboard in Resources */ = {isa = PBXBuildFile; fileRef = 8FD402AC2C1C315C00ADCFD4 /* Main.storyboard */; };
		8FD402B02C1C315E00ADCFD4 /* Assets.xcassets in Resources */ = {isa = PBXBuildFile; fileRef = 8FD402AF2C1C315E00ADCFD4 /* Assets.xcassets */; };
		8FD402B32C1C315E00ADCFD4 /* LaunchScreen.storyboard in Resources */ = {isa = PBXBuildFile; fileRef = 8FD402B12C1C315E00ADCFD4 /* LaunchScreen.storyboard */; };
		8FD402BE2C1C315E00ADCFD4 /* mlmodel_workgroundTests.swift in Sources */ = {isa = PBXBuildFile; fileRef = 8FD402BD2C1C315E00ADCFD4 /* mlmodel_workgroundTests.swift */; };
		8FD402C82C1C315E00ADCFD4 /* mlmodel_workgroundUITests.swift in Sources */ = {isa = PBXBuildFile; fileRef = 8FD402C72C1C315E00ADCFD4 /* mlmodel_workgroundUITests.swift */; };
		8FD402CA2C1C315E00ADCFD4 /* mlmodel_workgroundUITestsLaunchTests.swift in Sources */ = {isa = PBXBuildFile; fileRef = 8FD402C92C1C315E00ADCFD4 /* mlmodel_workgroundUITestsLaunchTests.swift */; };
/* End PBXBuildFile section */

/* Begin PBXContainerItemProxy section */
		8FD402BA2C1C315E00ADCFD4 /* PBXContainerItemProxy */ = {
			isa = PBXContainerItemProxy;
			containerPortal = 8FD4029B2C1C315C00ADCFD4 /* Project object */;
			proxyType = 1;
			remoteGlobalIDString = 8FD402A22C1C315C00ADCFD4;
			remoteInfo = mlmodel_workground;
		};
		8FD402C42C1C315E00ADCFD4 /* PBXContainerItemProxy */ = {
			isa = PBXContainerItemProxy;
			containerPortal = 8FD4029B2C1C315C00ADCFD4 /* Project object */;
			proxyType = 1;
			remoteGlobalIDString = 8FD402A22C1C315C00ADCFD4;
			remoteInfo = mlmodel_workground;
		};
/* End PBXContainerItemProxy section */

/* Begin PBXFileReference section */
		8FD402A32C1C315C00ADCFD4 /* mlmodel_workground.app */ = {isa = PBXFileReference; explicitFileType = wrapper.application; includeInIndex = 0; path = mlmodel_workground.app; sourceTree = BUILT_PRODUCTS_DIR; };
		8FD402A62C1C315C00ADCFD4 /* AppDelegate.swift */ = {isa = PBXFileReference; lastKnownFileType = sourcecode.swift; path = AppDelegate.swift; sourceTree = "<group>"; };
		8FD402A82C1C315C00ADCFD4 /* SceneDelegate.swift */ = {isa = PBXFileReference; lastKnownFileType = sourcecode.swift; path = SceneDelegate.swift; sourceTree = "<group>"; };
		8FD402AA2C1C315C00ADCFD4 /* ViewController.swift */ = {isa = PBXFileReference; lastKnownFileType = sourcecode.swift; path = ViewController.swift; sourceTree = "<group>"; };
		8FD402AD2C1C315C00ADCFD4 /* Base */ = {isa = PBXFileReference; lastKnownFileType = file.storyboard; name = Base; path = Base.lproj/Main.storyboard; sourceTree = "<group>"; };
		8FD402AF2C1C315E00ADCFD4 /* Assets.xcassets */ = {isa = PBXFileReference; lastKnownFileType = folder.assetcatalog; path = Assets.xcassets; sourceTree = "<group>"; };
		8FD402B22C1C315E00ADCFD4 /* Base */ = {isa = PBXFileReference; lastKnownFileType = file.storyboard; name = Base; path = Base.lproj/LaunchScreen.storyboard; sourceTree = "<group>"; };
		8FD402B42C1C315E00ADCFD4 /* Info.plist */ = {isa = PBXFileReference; lastKnownFileType = text.plist.xml; path = Info.plist; sourceTree = "<group>"; };
		8FD402B92C1C315E00ADCFD4 /* mlmodel_workgroundTests.xctest */ = {isa = PBXFileReference; explicitFileType = wrapper.cfbundle; includeInIndex = 0; path = mlmodel_workgroundTests.xctest; sourceTree = BUILT_PRODUCTS_DIR; };
		8FD402BD2C1C315E00ADCFD4 /* mlmodel_workgroundTests.swift */ = {isa = PBXFileReference; lastKnownFileType = sourcecode.swift; path = mlmodel_workgroundTests.swift; sourceTree = "<group>"; };
		8FD402C32C1C315E00ADCFD4 /* mlmodel_workgroundUITests.xctest */ = {isa = PBXFileReference; explicitFileType = wrapper.cfbundle; includeInIndex = 0; path = mlmodel_workgroundUITests.xctest; sourceTree = BUILT_PRODUCTS_DIR; };
		8FD402C72C1C315E00ADCFD4 /* mlmodel_workgroundUITests.swift */ = {isa = PBXFileReference; lastKnownFileType = sourcecode.swift; path = mlmodel_workgroundUITests.swift; sourceTree = "<group>"; };
		8FD402C92C1C315E00ADCFD4 /* mlmodel_workgroundUITestsLaunchTests.swift */ = {isa = PBXFileReference; lastKnownFileType = sourcecode.swift; path = mlmodel_workgroundUITestsLaunchTests.swift; sourceTree = "<group>"; };
/* End PBXFileReference section */

/* Begin PBXFrameworksBuildPhase section */
		8FD402A02C1C315C00ADCFD4 /* Frameworks */ = {
			isa = PBXFrameworksBuildPhase;
			buildActionMask = 2147483647;
			files = (
			);
			runOnlyForDeploymentPostprocessing = 0;
		};
		8FD402B62C1C315E00ADCFD4 /* Frameworks */ = {
			isa = PBXFrameworksBuildPhase;
			buildActionMask = 2147483647;
			files = (
			);
			runOnlyForDeploymentPostprocessing = 0;
		};
		8FD402C02C1C315E00ADCFD4 /* Frameworks */ = {
			isa = PBXFrameworksBuildPhase;
			buildActionMask = 2147483647;
			files = (
			);
			runOnlyForDeploymentPostprocessing = 0;
		};
/* End PBXFrameworksBuildPhase section */

/* Begin PBXGroup section */
		8FD4029A2C1C315C00ADCFD4 = {
			isa = PBXGroup;
			children = (
				8FD402A52C1C315C00ADCFD4 /* mlmodel_workground */,
				8FD402BC2C1C315E00ADCFD4 /* mlmodel_workgroundTests */,
				8FD402C62C1C315E00ADCFD4 /* mlmodel_workgroundUITests */,
				8FD402A42C1C315C00ADCFD4 /* Products */,
			);
			sourceTree = "<group>";
		};
		8FD402A42C1C315C00ADCFD4 /* Products */ = {
			isa = PBXGroup;
			children = (
				8FD402A32C1C315C00ADCFD4 /* mlmodel_workground.app */,
				8FD402B92C1C315E00ADCFD4 /* mlmodel_workgroundTests.xctest */,
				8FD402C32C1C315E00ADCFD4 /* mlmodel_workgroundUITests.xctest */,
			);
			name = Products;
			sourceTree = "<group>";
		};
		8FD402A52C1C315C00ADCFD4 /* mlmodel_workground */ = {
			isa = PBXGroup;
			children = (
				8FD402A62C1C315C00ADCFD4 /* AppDelegate.swift */,
				8FD402A82C1C315C00ADCFD4 /* SceneDelegate.swift */,
				8FD402AA2C1C315C00ADCFD4 /* ViewController.swift */,
				8FD402AC2C1C315C00ADCFD4 /* Main.storyboard */,
				8FD402AF2C1C315E00ADCFD4 /* Assets.xcassets */,
				8FD402B12C1C315E00ADCFD4 /* LaunchScreen.storyboard */,
				8FD402B42C1C315E00ADCFD4 /* Info.plist */,
			);
			path = mlmodel_workground;
			sourceTree = "<group>";
		};
		8FD402BC2C1C315E00ADCFD4 /* mlmodel_workgroundTests */ = {
			isa = PBXGroup;
			children = (
				8FD402BD2C1C315E00ADCFD4 /* mlmodel_workgroundTests.swift */,
			);
			path = mlmodel_workgroundTests;
			sourceTree = "<group>";
		};
		8FD402C62C1C315E00ADCFD4 /* mlmodel_workgroundUITests */ = {
			isa = PBXGroup;
			children = (
				8FD402C72C1C315E00ADCFD4 /* mlmodel_workgroundUITests.swift */,
				8FD402C92C1C315E00ADCFD4 /* mlmodel_workgroundUITestsLaunchTests.swift */,
			);
			path = mlmodel_workgroundUITests;
			sourceTree = "<group>";
		};
/* End PBXGroup section */

/* Begin PBXNativeTarget section */
		8FD402A22C1C315C00ADCFD4 /* mlmodel_workground */ = {
			isa = PBXNativeTarget;
			buildConfigurationList = 8FD402CD2C1C315E00ADCFD4 /* Build configuration list for PBXNativeTarget "mlmodel_workground" */;
			buildPhases = (
				8FD4029F2C1C315C00ADCFD4 /* Sources */,
				8FD402A02C1C315C00ADCFD4 /* Frameworks */,
				8FD402A12C1C315C00ADCFD4 /* Resources */,
			);
			buildRules = (
			);
			dependencies = (
			);
			name = mlmodel_workground;
			productName = mlmodel_workground;
			productReference = 8FD402A32C1C315C00ADCFD4 /* mlmodel_workground.app */;
			productType = "com.apple.product-type.application";
		};
		8FD402B82C1C315E00ADCFD4 /* mlmodel_workgroundTests */ = {
			isa = PBXNativeTarget;
			buildConfigurationList = 8FD402D02C1C315E00ADCFD4 /* Build configuration list for PBXNativeTarget "mlmodel_workgroundTests" */;
			buildPhases = (
				8FD402B52C1C315E00ADCFD4 /* Sources */,
				8FD402B62C1C315E00ADCFD4 /* Frameworks */,
				8FD402B72C1C315E00ADCFD4 /* Resources */,
			);
			buildRules = (
			);
			dependencies = (
				8FD402BB2C1C315E00ADCFD4 /* PBXTargetDependency */,
			);
			name = mlmodel_workgroundTests;
			productName = mlmodel_workgroundTests;
			productReference = 8FD402B92C1C315E00ADCFD4 /* mlmodel_workgroundTests.xctest */;
			productType = "com.apple.product-type.bundle.unit-test";
		};
		8FD402C22C1C315E00ADCFD4 /* mlmodel_workgroundUITests */ = {
			isa = PBXNativeTarget;
			buildConfigurationList = 8FD402D32C1C315E00ADCFD4 /* Build configuration list for PBXNativeTarget "mlmodel_workgroundUITests" */;
			buildPhases = (
				8FD402BF2C1C315E00ADCFD4 /* Sources */,
				8FD402C02C1C315E00ADCFD4 /* Frameworks */,
				8FD402C12C1C315E00ADCFD4 /* Resources */,
			);
			buildRules = (
			);
			dependencies = (
				8FD402C52C1C315E00ADCFD4 /* PBXTargetDependency */,
			);
			name = mlmodel_workgroundUITests;
			productName = mlmodel_workgroundUITests;
			productReference = 8FD402C32C1C315E00ADCFD4 /* mlmodel_workgroundUITests.xctest */;
			productType = "com.apple.product-type.bundle.ui-testing";
		};
/* End PBXNativeTarget section */

/* Begin PBXProject section */
		8FD4029B2C1C315C00ADCFD4 /* Project object */ = {
			isa = PBXProject;
			attributes = {
				BuildIndependentTargetsInParallel = 1;
				LastSwiftUpdateCheck = 1500;
				LastUpgradeCheck = 1500;
				TargetAttributes = {
					8FD402A22C1C315C00ADCFD4 = {
						CreatedOnToolsVersion = 15.0.1;
					};
					8FD402B82C1C315E00ADCFD4 = {
						CreatedOnToolsVersion = 15.0.1;
						TestTargetID = 8FD402A22C1C315C00ADCFD4;
					};
					8FD402C22C1C315E00ADCFD4 = {
						CreatedOnToolsVersion = 15.0.1;
						TestTargetID = 8FD402A22C1C315C00ADCFD4;
					};
				};
			};
			buildConfigurationList = 8FD4029E2C1C315C00ADCFD4 /* Build configuration list for PBXProject "mlmodel_workground" */;
			compatibilityVersion = "Xcode 14.0";
			developmentRegion = en;
			hasScannedForEncodings = 0;
			knownRegions = (
				en,
				Base,
			);
			mainGroup = 8FD4029A2C1C315C00ADCFD4;
			productRefGroup = 8FD402A42C1C315C00ADCFD4 /* Products */;
			projectDirPath = "";
			projectRoot = "";
			targets = (
				8FD402A22C1C315C00ADCFD4 /* mlmodel_workground */,
				8FD402B82C1C315E00ADCFD4 /* mlmodel_workgroundTests */,
				8FD402C22C1C315E00ADCFD4 /* mlmodel_workgroundUITests */,
			);
		};
/* End PBXProject section */

/* Begin PBXResourcesBuildPhase section */
		8FD402A12C1C315C00ADCFD4 /* Resources */ = {
			isa = PBXResourcesBuildPhase;
			buildActionMask = 2147483647;
			files = (
				8FD402B32C1C315E00ADCFD4 /* LaunchScreen.storyboard in Resources */,
				8FD402B02C1C315E00ADCFD4 /* Assets.xcassets in Resources */,
				8FD402AE2C1C315C00ADCFD4 /* Main.storyboard in Resources */,
			);
			runOnlyForDeploymentPostprocessing = 0;
		};
		8FD402B72C1C315E00ADCFD4 /* Resources */ = {
			isa = PBXResourcesBuildPhase;
			buildActionMask = 2147483647;
			files = (
			);
			runOnlyForDeploymentPostprocessing = 0;
		};
		8FD402C12C1C315E00ADCFD4 /* Resources */ = {
			isa = PBXResourcesBuildPhase;
			buildActionMask = 2147483647;
			files = (
			);
			runOnlyForDeploymentPostprocessing = 0;
		};
/* End PBXResourcesBuildPhase section */

/* Begin PBXSourcesBuildPhase section */
		8FD4029F2C1C315C00ADCFD4 /* Sources */ = {
			isa = PBXSourcesBuildPhase;
			buildActionMask = 2147483647;
			files = (
				8FD402AB2C1C315C00ADCFD4 /* ViewController.swift in Sources */,
				8FD402A72C1C315C00ADCFD4 /* AppDelegate.swift in Sources */,
				8FD402A92C1C315C00ADCFD4 /* SceneDelegate.swift in Sources */,
			);
			runOnlyForDeploymentPostprocessing = 0;
		};
		8FD402B52C1C315E00ADCFD4 /* Sources */ = {
			isa = PBXSourcesBuildPhase;
			buildActionMask = 2147483647;
			files = (
				8FD402BE2C1C315E00ADCFD4 /* mlmodel_workgroundTests.swift in Sources */,
			);
			runOnlyForDeploymentPostprocessing = 0;
		};
		8FD402BF2C1C315E00ADCFD4 /* Sources */ = {
			isa = PBXSourcesBuildPhase;
			buildActionMask = 2147483647;
			files = (
				8FD402C82C1C315E00ADCFD4 /* mlmodel_workgroundUITests.swift in Sources */,
				8FD402CA2C1C315E00ADCFD4 /* mlmodel_workgroundUITestsLaunchTests.swift in Sources */,
			);
			runOnlyForDeploymentPostprocessing = 0;
		};
/* End PBXSourcesBuildPhase section */

/* Begin PBXTargetDependency section */
		8FD402BB2C1C315E00ADCFD4 /* PBXTargetDependency */ = {
			isa = PBXTargetDependency;
			target = 8FD402A22C1C315C00ADCFD4 /* mlmodel_workground */;
			targetProxy = 8FD402BA2C1C315E00ADCFD4 /* PBXContainerItemProxy */;
		};
		8FD402C52C1C315E00ADCFD4 /* PBXTargetDependency */ = {
			isa = PBXTargetDependency;
			target = 8FD402A22C1C315C00ADCFD4 /* mlmodel_workground */;
			targetProxy = 8FD402C42C1C315E00ADCFD4 /* PBXContainerItemProxy */;
		};
/* End PBXTargetDependency section */

/* Begin PBXVariantGroup section */
		8FD402AC2C1C315C00ADCFD4 /* Main.storyboard */ = {
			isa = PBXVariantGroup;
			children = (
				8FD402AD2C1C315C00ADCFD4 /* Base */,
			);
			name = Main.storyboard;
			sourceTree = "<group>";
		};
		8FD402B12C1C315E00ADCFD4 /* LaunchScreen.storyboard */ = {
			isa = PBXVariantGroup;
			children = (
				8FD402B22C1C315E00ADCFD4 /* Base */,
			);
			name = LaunchScreen.storyboard;
			sourceTree = "<group>";
		};
/* End PBXVariantGroup section */

/* Begin XCBuildConfiguration section */
		8FD402CB2C1C315E00ADCFD4 /* Debug */ = {
			isa = XCBuildConfiguration;
			buildSettings = {
				ALWAYS_SEARCH_USER_PATHS = NO;
				ASSETCATALOG_COMPILER_GENERATE_SWIFT_ASSET_SYMBOL_EXTENSIONS = YES;
				CLANG_ANALYZER_NONNULL = YES;
				CLANG_ANALYZER_NUMBER_OBJECT_CONVERSION = YES_AGGRESSIVE;
				CLANG_CXX_LANGUAGE_STANDARD = "gnu++20";
				CLANG_ENABLE_MODULES = YES;
				CLANG_ENABLE_OBJC_ARC = YES;
				CLANG_ENABLE_OBJC_WEAK = YES;
				CLANG_WARN_BLOCK_CAPTURE_AUTORELEASING = YES;
				CLANG_WARN_BOOL_CONVERSION = YES;
				CLANG_WARN_COMMA = YES;
				CLANG_WARN_CONSTANT_CONVERSION = YES;
				CLANG_WARN_DEPRECATED_OBJC_IMPLEMENTATIONS = YES;
				CLANG_WARN_DIRECT_OBJC_ISA_USAGE = YES_ERROR;
				CLANG_WARN_DOCUMENTATION_COMMENTS = YES;
				CLANG_WARN_EMPTY_BODY = YES;
				CLANG_WARN_ENUM_CONVERSION = YES;
				CLANG_WARN_INFINITE_RECURSION = YES;
				CLANG_WARN_INT_CONVERSION = YES;
				CLANG_WARN_NON_LITERAL_NULL_CONVERSION = YES;
				CLANG_WARN_OBJC_IMPLICIT_RETAIN_SELF = YES;
				CLANG_WARN_OBJC_LITERAL_CONVERSION = YES;
				CLANG_WARN_OBJC_ROOT_CLASS = YES_ERROR;
				CLANG_WARN_QUOTED_INCLUDE_IN_FRAMEWORK_HEADER = YES;
				CLANG_WARN_RANGE_LOOP_ANALYSIS = YES;
				CLANG_WARN_STRICT_PROTOTYPES = YES;
				CLANG_WARN_SUSPICIOUS_MOVE = YES;
				CLANG_WARN_UNGUARDED_AVAILABILITY = YES_AGGRESSIVE;
				CLANG_WARN_UNREACHABLE_CODE = YES;
				CLANG_WARN__DUPLICATE_METHOD_MATCH = YES;
				COPY_PHASE_STRIP = NO;
				DEBUG_INFORMATION_FORMAT = dwarf;
				ENABLE_STRICT_OBJC_MSGSEND = YES;
				ENABLE_TESTABILITY = YES;
				ENABLE_USER_SCRIPT_SANDBOXING = YES;
				GCC_C_LANGUAGE_STANDARD = gnu17;
				GCC_DYNAMIC_NO_PIC = NO;
				GCC_NO_COMMON_BLOCKS = YES;
				GCC_OPTIMIZATION_LEVEL = 0;
				GCC_PREPROCESSOR_DEFINITIONS = (
					"DEBUG=1",
					"$(inherited)",
				);
				GCC_WARN_64_TO_32_BIT_CONVERSION = YES;
				GCC_WARN_ABOUT_RETURN_TYPE = YES_ERROR;
				GCC_WARN_UNDECLARED_SELECTOR = YES;
				GCC_WARN_UNINITIALIZED_AUTOS = YES_AGGRESSIVE;
				GCC_WARN_UNUSED_FUNCTION = YES;
				GCC_WARN_UNUSED_VARIABLE = YES;
				IPHONEOS_DEPLOYMENT_TARGET = 17.0;
				LOCALIZATION_PREFERS_STRING_CATALOGS = YES;
				MTL_ENABLE_DEBUG_INFO = INCLUDE_SOURCE;
				MTL_FAST_MATH = YES;
				ONLY_ACTIVE_ARCH = YES;
				SDKROOT = iphoneos;
				SWIFT_ACTIVE_COMPILATION_CONDITIONS = "DEBUG $(inherited)";
				SWIFT_OPTIMIZATION_LEVEL = "-Onone";
			};
			name = Debug;
		};
		8FD402CC2C1C315E00ADCFD4 /* Release */ = {
			isa = XCBuildConfiguration;
			buildSettings = {
				ALWAYS_SEARCH_USER_PATHS = NO;
				ASSETCATALOG_COMPILER_GENERATE_SWIFT_ASSET_SYMBOL_EXTENSIONS = YES;
				CLANG_ANALYZER_NONNULL = YES;
				CLANG_ANALYZER_NUMBER_OBJECT_CONVERSION = YES_AGGRESSIVE;
				CLANG_CXX_LANGUAGE_STANDARD = "gnu++20";
				CLANG_ENABLE_MODULES = YES;
				CLANG_ENABLE_OBJC_ARC = YES;
				CLANG_ENABLE_OBJC_WEAK = YES;
				CLANG_WARN_BLOCK_CAPTURE_AUTORELEASING = YES;
				CLANG_WARN_BOOL_CONVERSION = YES;
				CLANG_WARN_COMMA = YES;
				CLANG_WARN_CONSTANT_CONVERSION = YES;
				CLANG_WARN_DEPRECATED_OBJC_IMPLEMENTATIONS = YES;
				CLANG_WARN_DIRECT_OBJC_ISA_USAGE = YES_ERROR;
				CLANG_WARN_DOCUMENTATION_COMMENTS = YES;
				CLANG_WARN_EMPTY_BODY = YES;
				CLANG_WARN_ENUM_CONVERSION = YES;
				CLANG_WARN_INFINITE_RECURSION = YES;
				CLANG_WARN_INT_CONVERSION = YES;
				CLANG_WARN_NON_LITERAL_NULL_CONVERSION = YES;
				CLANG_WARN_OBJC_IMPLICIT_RETAIN_SELF = YES;
				CLANG_WARN_OBJC_LITERAL_CONVERSION = YES;
				CLANG_WARN_OBJC_ROOT_CLASS = YES_ERROR;
				CLANG_WARN_QUOTED_INCLUDE_IN_FRAMEWORK_HEADER = YES;
				CLANG_WARN_RANGE_LOOP_ANALYSIS = YES;
				CLANG_WARN_STRICT_PROTOTYPES = YES;
				CLANG_WARN_SUSPICIOUS_MOVE = YES;
				CLANG_WARN_UNGUARDED_AVAILABILITY = YES_AGGRESSIVE;
				CLANG_WARN_UNREACHABLE_CODE = YES;
				CLANG_WARN__DUPLICATE_METHOD_MATCH = YES;
				COPY_PHASE_STRIP = NO;
				DEBUG_INFORMATION_FORMAT = "dwarf-with-dsym";
				ENABLE_NS_ASSERTIONS = NO;
				ENABLE_STRICT_OBJC_MSGSEND = YES;
				ENABLE_USER_SCRIPT_SANDBOXING = YES;
				GCC_C_LANGUAGE_STANDARD = gnu17;
				GCC_NO_COMMON_BLOCKS = YES;
				GCC_WARN_64_TO_32_BIT_CONVERSION = YES;
				GCC_WARN_ABOUT_RETURN_TYPE = YES_ERROR;
				GCC_WARN_UNDECLARED_SELECTOR = YES;
				GCC_WARN_UNINITIALIZED_AUTOS = YES_AGGRESSIVE;
				GCC_WARN_UNUSED_FUNCTION = YES;
				GCC_WARN_UNUSED_VARIABLE = YES;
				IPHONEOS_DEPLOYMENT_TARGET = 17.0;
				LOCALIZATION_PREFERS_STRING_CATALOGS = YES;
				MTL_ENABLE_DEBUG_INFO = NO;
				MTL_FAST_MATH = YES;
				SDKROOT = iphoneos;
				SWIFT_COMPILATION_MODE = wholemodule;
				VALIDATE_PRODUCT = YES;
			};
			name = Release;
		};
		8FD402CE2C1C315E00ADCFD4 /* Debug */ = {
			isa = XCBuildConfiguration;
			buildSettings = {
				ASSETCATALOG_COMPILER_APPICON_NAME = AppIcon;
				ASSETCATALOG_COMPILER_GLOBAL_ACCENT_COLOR_NAME = AccentColor;
				CODE_SIGN_STYLE = Automatic;
				CURRENT_PROJECT_VERSION = 1;
				DEVELOPMENT_TEAM = 3Z8S7937B5;
				GENERATE_INFOPLIST_FILE = YES;
				INFOPLIST_FILE = mlmodel_workground/Info.plist;
				INFOPLIST_KEY_UIApplicationSupportsIndirectInputEvents = YES;
				INFOPLIST_KEY_UILaunchStoryboardName = LaunchScreen;
				INFOPLIST_KEY_UIMainStoryboardFile = Main;
				INFOPLIST_KEY_UISupportedInterfaceOrientations_iPad = "UIInterfaceOrientationPortrait UIInterfaceOrientationPortraitUpsideDown UIInterfaceOrientationLandscapeLeft UIInterfaceOrientationLandscapeRight";
				INFOPLIST_KEY_UISupportedInterfaceOrientations_iPhone = "UIInterfaceOrientationPortrait UIInterfaceOrientationLandscapeLeft UIInterfaceOrientationLandscapeRight";
				IPHONEOS_DEPLOYMENT_TARGET = 16.4;
				LD_RUNPATH_SEARCH_PATHS = (
					"$(inherited)",
					"@executable_path/Frameworks",
				);
				MARKETING_VERSION = 1.0;
				PRODUCT_BUNDLE_IDENTIFIER = "no.nxtech.mlmodel-workground";
				PRODUCT_NAME = "$(TARGET_NAME)";
				SWIFT_EMIT_LOC_STRINGS = YES;
				SWIFT_VERSION = 5.0;
				TARGETED_DEVICE_FAMILY = "1,2";
			};
			name = Debug;
		};
		8FD402CF2C1C315E00ADCFD4 /* Release */ = {
			isa = XCBuildConfiguration;
			buildSettings = {
				ASSETCATALOG_COMPILER_APPICON_NAME = AppIcon;
				ASSETCATALOG_COMPILER_GLOBAL_ACCENT_COLOR_NAME = AccentColor;
				CODE_SIGN_STYLE = Automatic;
				CURRENT_PROJECT_VERSION = 1;
				DEVELOPMENT_TEAM = 3Z8S7937B5;
				GENERATE_INFOPLIST_FILE = YES;
				INFOPLIST_FILE = mlmodel_workground/Info.plist;
				INFOPLIST_KEY_UIApplicationSupportsIndirectInputEvents = YES;
				INFOPLIST_KEY_UILaunchStoryboardName = LaunchScreen;
				INFOPLIST_KEY_UIMainStoryboardFile = Main;
				INFOPLIST_KEY_UISupportedInterfaceOrientations_iPad = "UIInterfaceOrientationPortrait UIInterfaceOrientationPortraitUpsideDown UIInterfaceOrientationLandscapeLeft UIInterfaceOrientationLandscapeRight";
				INFOPLIST_KEY_UISupportedInterfaceOrientations_iPhone = "UIInterfaceOrientationPortrait UIInterfaceOrientationLandscapeLeft UIInterfaceOrientationLandscapeRight";
				IPHONEOS_DEPLOYMENT_TARGET = 16.4;
				LD_RUNPATH_SEARCH_PATHS = (
					"$(inherited)",
					"@executable_path/Frameworks",
				);
				MARKETING_VERSION = 1.0;
				PRODUCT_BUNDLE_IDENTIFIER = "no.nxtech.mlmodel-workground";
				PRODUCT_NAME = "$(TARGET_NAME)";
				SWIFT_EMIT_LOC_STRINGS = YES;
				SWIFT_VERSION = 5.0;
				TARGETED_DEVICE_FAMILY = "1,2";
			};
			name = Release;
		};
		8FD402D12C1C315E00ADCFD4 /* Debug */ = {
			isa = XCBuildConfiguration;
			buildSettings = {
				ALWAYS_EMBED_SWIFT_STANDARD_LIBRARIES = YES;
				BUNDLE_LOADER = "$(TEST_HOST)";
				CODE_SIGN_STYLE = Automatic;
				CURRENT_PROJECT_VERSION = 1;
				DEVELOPMENT_TEAM = 3Z8S7937B5;
				GENERATE_INFOPLIST_FILE = YES;
				IPHONEOS_DEPLOYMENT_TARGET = 17.0;
				MARKETING_VERSION = 1.0;
				PRODUCT_BUNDLE_IDENTIFIER = "no.nxtech.mlmodel-workgroundTests";
				PRODUCT_NAME = "$(TARGET_NAME)";
				SWIFT_EMIT_LOC_STRINGS = NO;
				SWIFT_VERSION = 5.0;
				TARGETED_DEVICE_FAMILY = "1,2";
				TEST_HOST = "$(BUILT_PRODUCTS_DIR)/mlmodel_workground.app/$(BUNDLE_EXECUTABLE_FOLDER_PATH)/mlmodel_workground";
			};
			name = Debug;
		};
		8FD402D22C1C315E00ADCFD4 /* Release */ = {
			isa = XCBuildConfiguration;
			buildSettings = {
				ALWAYS_EMBED_SWIFT_STANDARD_LIBRARIES = YES;
				BUNDLE_LOADER = "$(TEST_HOST)";
				CODE_SIGN_STYLE = Automatic;
				CURRENT_PROJECT_VERSION = 1;
				DEVELOPMENT_TEAM = 3Z8S7937B5;
				GENERATE_INFOPLIST_FILE = YES;
				IPHONEOS_DEPLOYMENT_TARGET = 17.0;
				MARKETING_VERSION = 1.0;
				PRODUCT_BUNDLE_IDENTIFIER = "no.nxtech.mlmodel-workgroundTests";
				PRODUCT_NAME = "$(TARGET_NAME)";
				SWIFT_EMIT_LOC_STRINGS = NO;
				SWIFT_VERSION = 5.0;
				TARGETED_DEVICE_FAMILY = "1,2";
				TEST_HOST = "$(BUILT_PRODUCTS_DIR)/mlmodel_workground.app/$(BUNDLE_EXECUTABLE_FOLDER_PATH)/mlmodel_workground";
			};
			name = Release;
		};
		8FD402D42C1C315E00ADCFD4 /* Debug */ = {
			isa = XCBuildConfiguration;
			buildSettings = {
				ALWAYS_EMBED_SWIFT_STANDARD_LIBRARIES = YES;
				CODE_SIGN_STYLE = Automatic;
				CURRENT_PROJECT_VERSION = 1;
				DEVELOPMENT_TEAM = 3Z8S7937B5;
				GENERATE_INFOPLIST_FILE = YES;
				MARKETING_VERSION = 1.0;
				PRODUCT_BUNDLE_IDENTIFIER = "no.nxtech.mlmodel-workgroundUITests";
				PRODUCT_NAME = "$(TARGET_NAME)";
				SWIFT_EMIT_LOC_STRINGS = NO;
				SWIFT_VERSION = 5.0;
				TARGETED_DEVICE_FAMILY = "1,2";
				TEST_TARGET_NAME = mlmodel_workground;
			};
			name = Debug;
		};
		8FD402D52C1C315E00ADCFD4 /* Release */ = {
			isa = XCBuildConfiguration;
			buildSettings = {
				ALWAYS_EMBED_SWIFT_STANDARD_LIBRARIES = YES;
				CODE_SIGN_STYLE = Automatic;
				CURRENT_PROJECT_VERSION = 1;
				DEVELOPMENT_TEAM = 3Z8S7937B5;
				GENERATE_INFOPLIST_FILE = YES;
				MARKETING_VERSION = 1.0;
				PRODUCT_BUNDLE_IDENTIFIER = "no.nxtech.mlmodel-workgroundUITests";
				PRODUCT_NAME = "$(TARGET_NAME)";
				SWIFT_EMIT_LOC_STRINGS = NO;
				SWIFT_VERSION = 5.0;
				TARGETED_DEVICE_FAMILY = "1,2";
				TEST_TARGET_NAME = mlmodel_workground;
			};
			name = Release;
		};
/* End XCBuildConfiguration section */

/* Begin XCConfigurationList section */
		8FD4029E2C1C315C00ADCFD4 /* Build configuration list for PBXProject "mlmodel_workground" */ = {
			isa = XCConfigurationList;
			buildConfigurations = (
				8FD402CB2C1C315E00ADCFD4 /* Debug */,
				8FD402CC2C1C315E00ADCFD4 /* Release */,
			);
			defaultConfigurationIsVisible = 0;
			defaultConfigurationName = Release;
		};
		8FD402CD2C1C315E00ADCFD4 /* Build configuration list for PBXNativeTarget "mlmodel_workground" */ = {
			isa = XCConfigurationList;
			buildConfigurations = (
				8FD402CE2C1C315E00ADCFD4 /* Debug */,
				8FD402CF2C1C315E00ADCFD4 /* Release */,
			);
			defaultConfigurationIsVisible = 0;
			defaultConfigurationName = Release;
		};
		8FD402D02C1C315E00ADCFD4 /* Build configuration list for PBXNativeTarget "mlmodel_workgroundTests" */ = {
			isa = XCConfigurationList;
			buildConfigurations = (
				8FD402D12C1C315E00ADCFD4 /* Debug */,
				8FD402D22C1C315E00ADCFD4 /* Release */,
			);
			defaultConfigurationIsVisible = 0;
			defaultConfigurationName = Release;
		};
		8FD402D32C1C315E00ADCFD4 /* Build configuration list for PBXNativeTarget "mlmodel_workgroundUITests" */ = {
			isa = XCConfigurationList;
			buildConfigurations = (
				8FD402D42C1C315E00ADCFD4 /* Debug */,
				8FD402D52C1C315E00ADCFD4 /* Release */,
			);
			defaultConfigurationIsVisible = 0;
			defaultConfigurationName = Release;
		};
/* End XCConfigurationList section */
	};
	rootObject = 8FD4029B2C1C315C00ADCFD4 /* Project object */;
}
